PODS:
  - Flutter (1.0.0)
  - flutter_reachability (0.0.1):
    - Flutter
    - ReachabilitySwift
  - "permission_handler (5.0.1+1)":
    - Flutter
  - ReachabilitySwift (5.0.0)

DEPENDENCIES:
  - Flutter (from `Flutter`)
  - flutter_reachability (from `.symlinks/plugins/flutter_reachability/ios`)
  - permission_handler (from `.symlinks/plugins/permission_handler/ios`)

SPEC REPOS:
  trunk:
    - ReachabilitySwift

EXTERNAL SOURCES:
  Flutter:
    :path: Flutter
  flutter_reachability:
    :path: ".symlinks/plugins/flutter_reachability/ios"
  permission_handler:
    :path: ".symlinks/plugins/permission_handler/ios"

SPEC CHECKSUMS:
  Flutter: 0e3d915762c693b495b44d77113d4970485de6ec
  flutter_reachability: 45b3ccacaa680c32fc158a34021aba41f7d132c2
  permission_handler: eac8e15b4a1a3fba55b761d19f3f4e6b005d15b6
  ReachabilitySwift: 985039c6f7b23a1da463388634119492ff86c825

PODFILE CHECKSUM: aafe91acc616949ddb318b77800a7f51bffa2a4c

COCOAPODS: 1.9.3
